{
  "name": "nisarga-bing-web-search",
  "version": "0.0.1",
  "lockfileVersion": 1,
  "requires": true,
  "dependencies": {
    "@tensorflow-models/universal-sentence-encoder": {
      "version": "1.3.3",
      "resolved": "https://registry.npmjs.org/@tensorflow-models/universal-sentence-encoder/-/universal-sentence-encoder-1.3.3.tgz",
      "integrity": "sha512-mipL7ad0CW6uQ68FUkNgkNj/zgA4qgBnNcnMMkNTdL9MUMnzCxu3AE8pWnx2ReKHwdqEG4e8IpaYKfH4B8bojg=="
    },
    "@tensorflow/tfjs": {
      "version": "3.8.0",
      "resolved": "https://registry.npmjs.org/@tensorflow/tfjs/-/tfjs-3.8.0.tgz",
      "integrity": "sha512-4tVMEfGT8l8JBei/O0K0j7pcNbWR7C9r6WAuvoFXQBiu6FkwUhnM+rNrBHoh1/UaYKKm1enVbiyAP9+sbSFRaw==",
      "requires": {
        "@tensorflow/tfjs-backend-cpu": "3.8.0",
        "@tensorflow/tfjs-backend-webgl": "3.8.0",
        "@tensorflow/tfjs-converter": "3.8.0",
        "@tensorflow/tfjs-core": "3.8.0",
        "@tensorflow/tfjs-data": "3.8.0",
        "@tensorflow/tfjs-layers": "3.8.0",
        "argparse": "^1.0.10",
        "chalk": "^4.1.0",
        "core-js": "3",
        "regenerator-runtime": "^0.13.5",
        "yargs": "^16.0.3"
      },
      "dependencies": {
        "ansi-styles": {
          "version": "4.3.0",
          "resolved": "https://registry.npmjs.org/ansi-styles/-/ansi-styles-4.3.0.tgz",
          "integrity": "sha512-zbB9rCJAT1rbjiVDb2hqKFHNYLxgtk8NURxZ3IZwD3F6NtxbXZQCnnSi1Lkx+IDohdPlFp222wVALIheZJQSEg==",
          "requires": {
            "color-convert": "^2.0.1"
          }
        },
        "argparse": {
          "version": "1.0.10",
          "resolved": "https://registry.npmjs.org/argparse/-/argparse-1.0.10.tgz",
          "integrity": "sha512-o5Roy6tNG4SL/FOkCAN6RzjiakZS25RLYFrcMttJqbdd8BWrnA+fGz57iN5Pb06pvBGvl5gQ0B48dJlslXvoTg==",
          "requires": {
            "sprintf-js": "~1.0.2"
          }
        },
        "chalk": {
          "version": "4.1.2",
          "resolved": "https://registry.npmjs.org/chalk/-/chalk-4.1.2.tgz",
          "integrity": "sha512-oKnbhFyRIXpUuez8iBMmyEa4nbj4IOQyuhc/wy9kY7/WVPcwIO9VA668Pu8RkO7+0G76SLROeyw9CpQ061i4mA==",
          "requires": {
            "ansi-styles": "^4.1.0",
            "supports-color": "^7.1.0"
          }
        },
        "color-convert": {
          "version": "2.0.1",
          "resolved": "https://registry.npmjs.org/color-convert/-/color-convert-2.0.1.tgz",
          "integrity": "sha512-RRECPsj7iu/xb5oKYcsFHSppFNnsj/52OVTRKb4zP5onXwVF3zVmmToNcOfGC+CRDpfK/U584fMg38ZHCaElKQ==",
          "requires": {
            "color-name": "~1.1.4"
          }
        },
        "color-name": {
          "version": "1.1.4",
          "resolved": "https://registry.npmjs.org/color-name/-/color-name-1.1.4.tgz",
          "integrity": "sha512-dOy+3AuW3a2wNbZHIuMZpTcgjGuLU/uBL/ubcZF9OXbDo8ff4O8yVp5Bf0efS8uEoYo5q4Fx7dY9OgQGXgAsQA=="
        },
        "has-flag": {
          "version": "4.0.0",
          "resolved": "https://registry.npmjs.org/has-flag/-/has-flag-4.0.0.tgz",
          "integrity": "sha512-EykJT/Q1KjTWctppgIAgfSO0tKVuZUjhgMr17kqTumMl6Afv3EISleU7qZUzoXDFTAHTDC4NOoG/ZxU3EvlMPQ=="
        },
        "supports-color": {
          "version": "7.2.0",
          "resolved": "https://registry.npmjs.org/supports-color/-/supports-color-7.2.0.tgz",
          "integrity": "sha512-qpCAvRl9stuOHveKsn7HncJRvv501qIacKzQlO/+Lwxc9+0q2wLyv4Dfvt80/DPn2pqOBsJdDiogXGR9+OvwRw==",
          "requires": {
            "has-flag": "^4.0.0"
          }
        }
      }
    },
    "@tensorflow/tfjs-backend-cpu": {
      "version": "3.8.0",
      "resolved": "https://registry.npmjs.org/@tensorflow/tfjs-backend-cpu/-/tfjs-backend-cpu-3.8.0.tgz",
      "integrity": "sha512-iSwHrqX0Ixh1kelfmxIgChKft/KrcZk9EMHQcX+878XnX7mxB2HfWUqfiJVIcq+Fyr4I3oE4ncbbpmlKMxA85A==",
      "requires": {
        "@types/seedrandom": "2.4.27",
        "seedrandom": "2.4.3"
      }
    },
    "@tensorflow/tfjs-backend-webgl": {
      "version": "3.8.0",
      "resolved": "https://registry.npmjs.org/@tensorflow/tfjs-backend-webgl/-/tfjs-backend-webgl-3.8.0.tgz",
      "integrity": "sha512-Pjv+oWPf+7YS8kz/UFh2QBeD3F74R63AEU48a44LVh63YHXvdRg/M/Mvhjd55Oe0crDbBLej287SgVB8DHjUXg==",
      "requires": {
        "@tensorflow/tfjs-backend-cpu": "3.8.0",
        "@types/offscreencanvas": "~2019.3.0",
        "@types/seedrandom": "2.4.27",
        "@types/webgl-ext": "0.0.30",
        "@types/webgl2": "0.0.5",
        "seedrandom": "2.4.3"
      }
    },
    "@tensorflow/tfjs-converter": {
      "version": "3.8.0",
      "resolved": "https://registry.npmjs.org/@tensorflow/tfjs-converter/-/tfjs-converter-3.8.0.tgz",
      "integrity": "sha512-IWalZtKNfsSHt9He3Tvfje71gwMnFg5msQEiEnAtVnz1Zly0Yi0mycGLp5TPyqPhZCcJ+i9OhgkAlL4sbjP1hw=="
    },
    "@tensorflow/tfjs-core": {
      "version": "3.8.0",
      "resolved": "https://registry.npmjs.org/@tensorflow/tfjs-core/-/tfjs-core-3.8.0.tgz",
      "integrity": "sha512-0VKqNpnTiXIeOql3dnEyPOxKA9yDA366onv3sphm6k8KAzkr+is+GHOHzmo8mL7+AujiOb6o0J7BYhr7yvpNjA==",
      "requires": {
        "@types/long": "^4.0.1",
        "@types/offscreencanvas": "~2019.3.0",
        "@types/seedrandom": "2.4.27",
        "@types/webgl-ext": "0.0.30",
        "long": "4.0.0",
        "node-fetch": "~2.6.1",
        "seedrandom": "2.4.3"
      }
    },
    "@tensorflow/tfjs-data": {
      "version": "3.8.0",
      "resolved": "https://registry.npmjs.org/@tensorflow/tfjs-data/-/tfjs-data-3.8.0.tgz",
      "integrity": "sha512-TuzI2ggCKb3lLUAsTGT/CMOkMZgrmgu1dQckEnft621RDJSQTN1o7xC0YLDmuwLwfUmWJax8TvsSxXBy2M5GSg==",
      "requires": {
        "@types/node-fetch": "^2.1.2",
        "node-fetch": "~2.6.1"
      }
    },
    "@tensorflow/tfjs-layers": {
      "version": "3.8.0",
      "resolved": "https://registry.npmjs.org/@tensorflow/tfjs-layers/-/tfjs-layers-3.8.0.tgz",
      "integrity": "sha512-O7r0zkGFM2DTS2NdWhGUrKNgoY1GR7IX5aGIj50SQ8WnPWwY9gaVI7b+euP2Yg7A6kDiFXJIST+MY9EottyqSA=="
    },
    "@tensorflow/tfjs-node": {
      "version": "3.8.0",
      "resolved": "https://registry.npmjs.org/@tensorflow/tfjs-node/-/tfjs-node-3.8.0.tgz",
      "integrity": "sha512-Z5OMbuZ5Fq8fVv68VcrspMpUHzyXDxB6vTeqDo/LQTBkokQsTS6+S7d5Xl1Se1l8O0UEOyS8jq5pDXv2sTnAsw==",
      "requires": {
        "@mapbox/node-pre-gyp": "1.0.4",
        "@tensorflow/tfjs": "3.8.0",
        "adm-zip": "^0.4.11",
        "google-protobuf": "^3.9.2",
        "https-proxy-agent": "^2.2.1",
        "progress": "^2.0.0",
        "rimraf": "^2.6.2",
        "tar": "^4.4.6"
      },
      "dependencies": {
        "rimraf": {
          "version": "2.7.1",
          "resolved": "https://registry.npmjs.org/rimraf/-/rimraf-2.7.1.tgz",
          "integrity": "sha512-uWjbaKIK3T1OSVptzX7Nl6PvQ3qAGtKEtVRjRuazjfL3Bx5eI409VZSqgND+4UNnmzLVdPj9FqFJNPqBZFve4w==",
          "requires": {
            "glob": "^7.1.3"
          }
        }
      }
    },
    "bufferutil": {
      "version": "4.0.7",
      "resolved": "https://registry.npmjs.org/bufferutil/-/bufferutil-4.0.7.tgz",
      "integrity": "sha512-kukuqc39WOHtdxtw4UScxF/WVnMFVSQVKhtx3AjZJzhd0RGZZldcrfSEbVsWWe6KNH253574cq5F+wpv0G9pJw==",
      "requires": {
        "node-gyp-build": "^4.3.0"
      },
      "dependencies": {
        "node-gyp-build": {
          "version": "4.6.0",
          "resolved": "https://registry.npmjs.org/node-gyp-build/-/node-gyp-build-4.6.0.tgz",
          "integrity": "sha512-NTZVKn9IylLwUzaKjkas1e4u2DLNcV4rdYagA4PWdPwW87Bi7z+BznyKSRwS/761tV/lzCGXplWsiaMjLqP2zQ=="
        }
      }
    },
    "encoding": {
      "version": "0.1.13",
      "resolved": "https://registry.npmjs.org/encoding/-/encoding-0.1.13.tgz",
      "integrity": "sha512-ETBauow1T35Y/WZMkio9jiM0Z5xjHHmJ4XmjZOq1l/dXz3lr2sRn87nJy20RupqSh1F2m3HHPSp8ShIPQJrJ3A==",
      "requires": {
        "iconv-lite": "^0.6.2"
      },
      "dependencies": {
        "iconv-lite": {
          "version": "0.6.3",
          "resolved": "https://registry.npmjs.org/iconv-lite/-/iconv-lite-0.6.3.tgz",
          "integrity": "sha512-4fCk79wshMdzMp2rH06qWrJE4iolqLhCUH+OiuIgU++RB0+94NlDL81atO7GX55uUKueo0txHNtvEyI6D7WdMw==",
          "requires": {
            "safer-buffer": ">= 2.1.2 < 3.0.0"
          }
        },
        "safer-buffer": {
          "version": "2.1.2",
          "resolved": "https://registry.npmjs.org/safer-buffer/-/safer-buffer-2.1.2.tgz",
          "integrity": "sha512-YZo3K82SD7Riyi0E1EQPojLz7kpepnSQI9IyPbHHg1XXXevb5dJI7tpyN2ADxGcQbHG7vcyRHk0cbwqcQriUtg=="
        }
      }
    },
    "express": {
      "version": "4.18.2",
      "requires": {
        "accepts": "~1.3.8",
        "array-flatten": "1.1.1",
        "body-parser": "1.20.1",
        "content-disposition": "0.5.4",
        "content-type": "~1.0.4",
        "cookie": "0.5.0",
        "cookie-signature": "1.0.6",
        "debug": "2.6.9",
        "depd": "2.0.0",
        "encodeurl": "~1.0.2",
        "escape-html": "~1.0.3",
        "etag": "~1.8.1",
        "finalhandler": "1.2.0",
        "fresh": "0.5.2",
        "http-errors": "2.0.0",
        "merge-descriptors": "1.0.1",
        "methods": "~1.1.2",
        "on-finished": "2.4.1",
        "parseurl": "~1.3.3",
        "path-to-regexp": "0.1.7",
        "proxy-addr": "~2.0.7",
        "qs": "6.11.0",
        "range-parser": "~1.2.1",
        "safe-buffer": "5.2.1",
        "send": "0.18.0",
        "serve-static": "1.15.0",
        "setprototypeof": "1.2.0",
        "statuses": "2.0.1",
        "type-is": "~1.6.18",
        "utils-merge": "1.0.1",
        "vary": "~1.1.2"
      }
    },
    "node-gyp-build": {
      "version": "4.6.0",
      "resolved": "https://registry.npmjs.org/node-gyp-build/-/node-gyp-build-4.6.0.tgz",
      "integrity": "sha512-NTZVKn9IylLwUzaKjkas1e4u2DLNcV4rdYagA4PWdPwW87Bi7z+BznyKSRwS/761tV/lzCGXplWsiaMjLqP2zQ=="
    },
    "socket.io": {
      "version": "4.6.1",
      "requires": {
        "accepts": "~1.3.4",
        "base64id": "~2.0.0",
        "debug": "~4.3.2",
        "engine.io": "~6.4.1",
        "socket.io-adapter": "~2.5.2",
        "socket.io-parser": "~4.2.1"
      }
    },
    "utf-8-validate": {
      "version": "5.0.10",
      "resolved": "https://registry.npmjs.org/utf-8-validate/-/utf-8-validate-5.0.10.tgz",
      "integrity": "sha512-Z6czzLq4u8fPOyx7TU6X3dvUZVvoJmxSQ+IcrlmagKhilxlhZgxPK6C5Jqbkw1IDUmFTM+cz9QDnnLTwDz/2gQ==",
      "requires": {
        "node-gyp-build": "^4.3.0"
      }
    }
  }
}
